
Microsoft Visual Studio Solution File, Format Version 12.00
# Visual Studio 15
Project("{FAE04EC0-301F-11D3-BF4B-00C04F79EFBC}") = "Assembly-CSharp", "Assembly-CSharp.csproj", "{B81FBE76-64F8-B2F6-EA23-3B531963AE15}"
EndProject
Project("{FAE04EC0-301F-11D3-BF4B-00C04F79EFBC}") = "Assembly-CSharp-Editor", "Assembly-CSharp-Editor.csproj", "{5ECA1798-5DAD-D6DA-607F-D812AFDC4BE7}"
EndProject
Project("{FAE04EC0-301F-11D3-BF4B-00C04F79EFBC}") = "Assembly-CSharp", "Assembly-CSharp.Player.csproj", "{FB628342-2E44-C788-45AD-9D5915F67E71}"
EndProject
Global
	GlobalSection(SolutionConfigurationPlatforms) = preSolution
		Debug|Any CPU = Debug|Any CPU
		Release|Any CPU = Release|Any CPU
	EndGlobalSection
	GlobalSection(ProjectConfigurationPlatforms) = postSolution
		{B81FBE76-64F8-B2F6-EA23-3B531963AE15}.Debug|Any CPU.ActiveCfg = Debug|Any CPU
		{B81FBE76-64F8-B2F6-EA23-3B531963AE15}.Debug|Any CPU.Build.0 = Debug|Any CPU
		{B81FBE76-64F8-B2F6-EA23-3B531963AE15}.Release|Any CPU.ActiveCfg = Release|Any CPU
		{B81FBE76-64F8-B2F6-EA23-3B531963AE15}.Release|Any CPU.Build.0 = Release|Any CPU
		{5ECA1798-5DAD-D6DA-607F-D812AFDC4BE7}.Debug|Any CPU.ActiveCfg = Debug|Any CPU
		{5ECA1798-5DAD-D6DA-607F-D812AFDC4BE7}.Debug|Any CPU.Build.0 = Debug|Any CPU
		{5ECA1798-5DAD-D6DA-607F-D812AFDC4BE7}.Release|Any CPU.ActiveCfg = Release|Any CPU
		{5ECA1798-5DAD-D6DA-607F-D812AFDC4BE7}.Release|Any CPU.Build.0 = Release|Any CPU
		{FB628342-2E44-C788-45AD-9D5915F67E71}.Debug|Any CPU.ActiveCfg = Debug|Any CPU
		{FB628342-2E44-C788-45AD-9D5915F67E71}.Debug|Any CPU.Build.0 = Debug|Any CPU
		{FB628342-2E44-C788-45AD-9D5915F67E71}.Release|Any CPU.ActiveCfg = Release|Any CPU
		{FB628342-2E44-C788-45AD-9D5915F67E71}.Release|Any CPU.Build.0 = Release|Any CPU
	EndGlobalSection
	GlobalSection(SolutionProperties) = preSolution
		HideSolutionNode = FALSE
	EndGlobalSection
EndGlobal
